
Microsoft Visual Studio Solution File, Format Version 12.00
# Visual Studio Version 17
VisualStudioVersion = 17.7.34202.233
MinimumVisualStudioVersion = 10.0.40219.1
Project("{FAE04EC0-301F-11D3-BF4B-00C04F79EFBC}") = "Monke Dimensions", "Monke Dimensions\Monke Dimensions.csproj", "{97168AA6-721A-4536-8313-B981720B7B50}"
EndProject
Global
	GlobalSection(SolutionConfigurationPlatforms) = preSolution
		Debug|Any CPU = Debug|Any CPU
		Editor|Any CPU = Editor|Any CPU
		Release|Any CPU = Release|Any CPU
	EndGlobalSection
	GlobalSection(ProjectConfigurationPlatforms) = postSolution
		{97168AA6-721A-4536-8313-B981720B7B50}.Debug|Any CPU.ActiveCfg = Debug|Any CPU
		{97168AA6-721A-4536-8313-B981720B7B50}.Debug|Any CPU.Build.0 = Debug|Any CPU
		{97168AA6-721A-4536-8313-B981720B7B50}.Editor|Any CPU.ActiveCfg = Editor|Any CPU
		{97168AA6-721A-4536-8313-B981720B7B50}.Editor|Any CPU.Build.0 = Editor|Any CPU
		{97168AA6-721A-4536-8313-B981720B7B50}.Release|Any CPU.ActiveCfg = Release|Any CPU
		{97168AA6-721A-4536-8313-B981720B7B50}.Release|Any CPU.Build.0 = Release|Any CPU
	EndGlobalSection
	GlobalSection(SolutionProperties) = preSolution
		HideSolutionNode = FALSE
	EndGlobalSection
	GlobalSection(ExtensibilityGlobals) = postSolution
		SolutionGuid = {6C36A6A6-C976-4AEE-AB58-DAED497CB088}
	EndGlobalSection
EndGlobal
